
Microsoft Visual Studio Solution File, Format Version 12.00
# Visual Studio 14
VisualStudioVersion = 14.0.25123.0
MinimumVisualStudioVersion = 10.0.40219.1
Project("{2150E333-8FDC-42A3-9474-1A3956D46DE8}") = "Desktop", "Desktop", "{43677105-816E-4424-82C4-991C4DD17037}"
EndProject
Project("{2150E333-8FDC-42A3-9474-1A3956D46DE8}") = "Web", "Web", "{2B2D40F5-10CD-4C5B-880C-05C8C6BE9D49}"
EndProject
Project("{FAE04EC0-301F-11D3-BF4B-00C04F79EFBC}") = "Core", "Core\Core.csproj", "{BFACD4FF-DD10-408D-865E-8F7E62B2967D}"
EndProject
Project("{FAE04EC0-301F-11D3-BF4B-00C04F79EFBC}") = "Launcher", "Launcher\Launcher.csproj", "{63B3A06C-6883-4EF7-BB05-C033F99D3499}"
EndProject
Project("{FAE04EC0-301F-11D3-BF4B-00C04F79EFBC}") = "CheckIn", "CheckIn\CheckIn.csproj", "{BF1A7F76-79E8-445A-8592-0BEF18135DA9}"
EndProject
Global
	GlobalSection(SolutionConfigurationPlatforms) = preSolution
		Debug|Any CPU = Debug|Any CPU
		Debug|ARM = Debug|ARM
		Debug|x64 = Debug|x64
		Debug|x86 = Debug|x86
		Release|Any CPU = Release|Any CPU
		Release|ARM = Release|ARM
		Release|x64 = Release|x64
		Release|x86 = Release|x86
	EndGlobalSection
	GlobalSection(ProjectConfigurationPlatforms) = postSolution
		{BFACD4FF-DD10-408D-865E-8F7E62B2967D}.Debug|Any CPU.ActiveCfg = Debug|Any CPU
		{BFACD4FF-DD10-408D-865E-8F7E62B2967D}.Debug|Any CPU.Build.0 = Debug|Any CPU
		{BFACD4FF-DD10-408D-865E-8F7E62B2967D}.Debug|ARM.ActiveCfg = Debug|Any CPU
		{BFACD4FF-DD10-408D-865E-8F7E62B2967D}.Debug|ARM.Build.0 = Debug|Any CPU
		{BFACD4FF-DD10-408D-865E-8F7E62B2967D}.Debug|x64.ActiveCfg = Debug|Any CPU
		{BFACD4FF-DD10-408D-865E-8F7E62B2967D}.Debug|x64.Build.0 = Debug|Any CPU
		{BFACD4FF-DD10-408D-865E-8F7E62B2967D}.Debug|x86.ActiveCfg = Debug|Any CPU
		{BFACD4FF-DD10-408D-865E-8F7E62B2967D}.Debug|x86.Build.0 = Debug|Any CPU
		{BFACD4FF-DD10-408D-865E-8F7E62B2967D}.Release|Any CPU.ActiveCfg = Release|Any CPU
		{BFACD4FF-DD10-408D-865E-8F7E62B2967D}.Release|Any CPU.Build.0 = Release|Any CPU
		{BFACD4FF-DD10-408D-865E-8F7E62B2967D}.Release|ARM.ActiveCfg = Release|Any CPU
		{BFACD4FF-DD10-408D-865E-8F7E62B2967D}.Release|ARM.Build.0 = Release|Any CPU
		{BFACD4FF-DD10-408D-865E-8F7E62B2967D}.Release|x64.ActiveCfg = Release|Any CPU
		{BFACD4FF-DD10-408D-865E-8F7E62B2967D}.Release|x64.Build.0 = Release|Any CPU
		{BFACD4FF-DD10-408D-865E-8F7E62B2967D}.Release|x86.ActiveCfg = Release|Any CPU
		{BFACD4FF-DD10-408D-865E-8F7E62B2967D}.Release|x86.Build.0 = Release|Any CPU
		{63B3A06C-6883-4EF7-BB05-C033F99D3499}.Debug|Any CPU.ActiveCfg = Debug|Any CPU
		{63B3A06C-6883-4EF7-BB05-C033F99D3499}.Debug|Any CPU.Build.0 = Debug|Any CPU
		{63B3A06C-6883-4EF7-BB05-C033F99D3499}.Debug|ARM.ActiveCfg = Debug|Any CPU
		{63B3A06C-6883-4EF7-BB05-C033F99D3499}.Debug|ARM.Build.0 = Debug|Any CPU
		{63B3A06C-6883-4EF7-BB05-C033F99D3499}.Debug|x64.ActiveCfg = Debug|Any CPU
		{63B3A06C-6883-4EF7-BB05-C033F99D3499}.Debug|x64.Build.0 = Debug|Any CPU
		{63B3A06C-6883-4EF7-BB05-C033F99D3499}.Debug|x86.ActiveCfg = Debug|Any CPU
		{63B3A06C-6883-4EF7-BB05-C033F99D3499}.Debug|x86.Build.0 = Debug|Any CPU
		{63B3A06C-6883-4EF7-BB05-C033F99D3499}.Release|Any CPU.ActiveCfg = Release|Any CPU
		{63B3A06C-6883-4EF7-BB05-C033F99D3499}.Release|Any CPU.Build.0 = Release|Any CPU
		{63B3A06C-6883-4EF7-BB05-C033F99D3499}.Release|ARM.ActiveCfg = Release|Any CPU
		{63B3A06C-6883-4EF7-BB05-C033F99D3499}.Release|ARM.Build.0 = Release|Any CPU
		{63B3A06C-6883-4EF7-BB05-C033F99D3499}.Release|x64.ActiveCfg = Release|Any CPU
		{63B3A06C-6883-4EF7-BB05-C033F99D3499}.Release|x64.Build.0 = Release|Any CPU
		{63B3A06C-6883-4EF7-BB05-C033F99D3499}.Release|x86.ActiveCfg = Release|Any CPU
		{63B3A06C-6883-4EF7-BB05-C033F99D3499}.Release|x86.Build.0 = Release|Any CPU
		{BF1A7F76-79E8-445A-8592-0BEF18135DA9}.Debug|Any CPU.ActiveCfg = Debug|Any CPU
		{BF1A7F76-79E8-445A-8592-0BEF18135DA9}.Debug|Any CPU.Build.0 = Debug|Any CPU
		{BF1A7F76-79E8-445A-8592-0BEF18135DA9}.Debug|ARM.ActiveCfg = Debug|Any CPU
		{BF1A7F76-79E8-445A-8592-0BEF18135DA9}.Debug|ARM.Build.0 = Debug|Any CPU
		{BF1A7F76-79E8-445A-8592-0BEF18135DA9}.Debug|x64.ActiveCfg = Debug|Any CPU
		{BF1A7F76-79E8-445A-8592-0BEF18135DA9}.Debug|x64.Build.0 = Debug|Any CPU
		{BF1A7F76-79E8-445A-8592-0BEF18135DA9}.Debug|x86.ActiveCfg = Debug|Any CPU
		{BF1A7F76-79E8-445A-8592-0BEF18135DA9}.Debug|x86.Build.0 = Debug|Any CPU
		{BF1A7F76-79E8-445A-8592-0BEF18135DA9}.Release|Any CPU.ActiveCfg = Release|Any CPU
		{BF1A7F76-79E8-445A-8592-0BEF18135DA9}.Release|Any CPU.Build.0 = Release|Any CPU
		{BF1A7F76-79E8-445A-8592-0BEF18135DA9}.Release|ARM.ActiveCfg = Release|Any CPU
		{BF1A7F76-79E8-445A-8592-0BEF18135DA9}.Release|ARM.Build.0 = Release|Any CPU
		{BF1A7F76-79E8-445A-8592-0BEF18135DA9}.Release|x64.ActiveCfg = Release|Any CPU
		{BF1A7F76-79E8-445A-8592-0BEF18135DA9}.Release|x64.Build.0 = Release|Any CPU
		{BF1A7F76-79E8-445A-8592-0BEF18135DA9}.Release|x86.ActiveCfg = Release|Any CPU
		{BF1A7F76-79E8-445A-8592-0BEF18135DA9}.Release|x86.Build.0 = Release|Any CPU
	EndGlobalSection
	GlobalSection(SolutionProperties) = preSolution
		HideSolutionNode = FALSE
	EndGlobalSection
	GlobalSection(NestedProjects) = preSolution
		{BFACD4FF-DD10-408D-865E-8F7E62B2967D} = {43677105-816E-4424-82C4-991C4DD17037}
		{63B3A06C-6883-4EF7-BB05-C033F99D3499} = {43677105-816E-4424-82C4-991C4DD17037}
		{BF1A7F76-79E8-445A-8592-0BEF18135DA9} = {43677105-816E-4424-82C4-991C4DD17037}
	EndGlobalSection
	GlobalSection(CodealikeProperties) = postSolution
		SolutionGuid = 8f8df037-7279-4650-b277-97835cf95ab7
	EndGlobalSection
EndGlobal
